
Microsoft Visual Studio Solution File, Format Version 12.00
# Visual Studio Version 16
VisualStudioVersion = 16.0.32413.511
MinimumVisualStudioVersion = 10.0.40219.1
Project("{2150E333-8FDC-42A3-9474-1A3956D46DE8}") = "Task0", "Task0", "{2B74B23B-507B-4376-A673-583FEFE4F678}"
EndProject
Project("{FAE04EC0-301F-11D3-BF4B-00C04F79EFBC}") = "Tyuiu.NikolaevaAN.Sprint1.Task0.V16", "Tyuiu.NikolaevaAN.Sprint1.Task0.V16\Tyuiu.NikolaevaAN.Sprint1.Task0.V16.csproj", "{A65121AC-523C-47CD-8422-B381EF5EDBCD}"
EndProject
Project("{FAE04EC0-301F-11D3-BF4B-00C04F79EFBC}") = "Tyuiu.NikolaevaAN.Sprint1.Task0.V16.Lib", "Tyuiu.NikolaevaAN.Sprint1.Task0.V16.Lib\Tyuiu.NikolaevaAN.Sprint1.Task0.V16.Lib.csproj", "{B912179A-44CE-4E4E-B5DA-596A4009DC4E}"
EndProject
Project("{FAE04EC0-301F-11D3-BF4B-00C04F79EFBC}") = "Tyuiu.NikolaevaAN.Sprint1.Task0.V16.Test", "Tyuiu.NikolaevaAN.Sprint1.Task0.V16.Test\Tyuiu.NikolaevaAN.Sprint1.Task0.V16.Test.csproj", "{EF5D6FD5-11A9-43EC-917F-694910BDEAED}"
EndProject
Project("{2150E333-8FDC-42A3-9474-1A3956D46DE8}") = "Task1", "Task1", "{78BC0389-1EFB-48CB-A07D-FFFB74B90B3C}"
EndProject
Project("{FAE04EC0-301F-11D3-BF4B-00C04F79EFBC}") = "Tyuiu.NikolaevaAN.Sprint1.Task1.V21", "Tyuiu.NikolaevaAN.Sprint1.Task1.V21\Tyuiu.NikolaevaAN.Sprint1.Task1.V21.csproj", "{D077E327-5EAA-4FD4-A67F-4F94C6C83334}"
EndProject
Project("{FAE04EC0-301F-11D3-BF4B-00C04F79EFBC}") = "Tyuiu.NikolaevaAN.Sprint1.Task1.V21.Lib", "Tyuiu.NikolaevaAN.Sprint1.Task1.V21.Lib\Tyuiu.NikolaevaAN.Sprint1.Task1.V21.Lib.csproj", "{45903164-BFAE-4A27-9447-3E42FE7B1B91}"
EndProject
Project("{FAE04EC0-301F-11D3-BF4B-00C04F79EFBC}") = "Tyuiu.NikolaevaAN.Sprint1.Task1.V21.Test", "Tyuiu.NikolaevaAN.Sprint1.Task1.V21.Test\Tyuiu.NikolaevaAN.Sprint1.Task1.V21.Test.csproj", "{2A009C92-C44C-45C0-A162-B169FE33DD77}"
EndProject
Project("{2150E333-8FDC-42A3-9474-1A3956D46DE8}") = "Task2", "Task2", "{85BFC5D5-E276-44C6-BE94-46B36D34724C}"
EndProject
Project("{FAE04EC0-301F-11D3-BF4B-00C04F79EFBC}") = "Tyuiu.NikolaevaAN.Sprint1.Task2.V21", "Tyuiu.NikolaevaAN.Sprint1.Task2.V21\Tyuiu.NikolaevaAN.Sprint1.Task2.V21.csproj", "{E765FD30-FA80-49AC-9563-07E3FF6D7574}"
EndProject
Project("{FAE04EC0-301F-11D3-BF4B-00C04F79EFBC}") = "Tyuiu.NikolaevaAN.Sprint1.Task2.V21.Lib", "Tyuiu.NikolaevaAN.Sprint1.Task2.V21.Lib\Tyuiu.NikolaevaAN.Sprint1.Task2.V21.Lib.csproj", "{7818080B-E229-47E5-8421-2616723ECDEA}"
EndProject
Project("{FAE04EC0-301F-11D3-BF4B-00C04F79EFBC}") = "Tyuiu.NikolaevaAN.Sprint1.Task2.V21.Test", "Tyuiu.NikolaevaAN.Sprint1.Task2.V21.Test\Tyuiu.NikolaevaAN.Sprint1.Task2.V21.Test.csproj", "{1D356722-1C35-49C3-9827-FBE930BD5801}"
EndProject
Global
	GlobalSection(SolutionConfigurationPlatforms) = preSolution
		Debug|Any CPU = Debug|Any CPU
		Release|Any CPU = Release|Any CPU
	EndGlobalSection
	GlobalSection(ProjectConfigurationPlatforms) = postSolution
		{A65121AC-523C-47CD-8422-B381EF5EDBCD}.Debug|Any CPU.ActiveCfg = Debug|Any CPU
		{A65121AC-523C-47CD-8422-B381EF5EDBCD}.Debug|Any CPU.Build.0 = Debug|Any CPU
		{A65121AC-523C-47CD-8422-B381EF5EDBCD}.Release|Any CPU.ActiveCfg = Release|Any CPU
		{A65121AC-523C-47CD-8422-B381EF5EDBCD}.Release|Any CPU.Build.0 = Release|Any CPU
		{B912179A-44CE-4E4E-B5DA-596A4009DC4E}.Debug|Any CPU.ActiveCfg = Debug|Any CPU
		{B912179A-44CE-4E4E-B5DA-596A4009DC4E}.Debug|Any CPU.Build.0 = Debug|Any CPU
		{B912179A-44CE-4E4E-B5DA-596A4009DC4E}.Release|Any CPU.ActiveCfg = Release|Any CPU
		{B912179A-44CE-4E4E-B5DA-596A4009DC4E}.Release|Any CPU.Build.0 = Release|Any CPU
		{EF5D6FD5-11A9-43EC-917F-694910BDEAED}.Debug|Any CPU.ActiveCfg = Debug|Any CPU
		{EF5D6FD5-11A9-43EC-917F-694910BDEAED}.Debug|Any CPU.Build.0 = Debug|Any CPU
		{EF5D6FD5-11A9-43EC-917F-694910BDEAED}.Release|Any CPU.ActiveCfg = Release|Any CPU
		{EF5D6FD5-11A9-43EC-917F-694910BDEAED}.Release|Any CPU.Build.0 = Release|Any CPU
		{D077E327-5EAA-4FD4-A67F-4F94C6C83334}.Debug|Any CPU.ActiveCfg = Debug|Any CPU
		{D077E327-5EAA-4FD4-A67F-4F94C6C83334}.Debug|Any CPU.Build.0 = Debug|Any CPU
		{D077E327-5EAA-4FD4-A67F-4F94C6C83334}.Release|Any CPU.ActiveCfg = Release|Any CPU
		{D077E327-5EAA-4FD4-A67F-4F94C6C83334}.Release|Any CPU.Build.0 = Release|Any CPU
		{45903164-BFAE-4A27-9447-3E42FE7B1B91}.Debug|Any CPU.ActiveCfg = Debug|Any CPU
		{45903164-BFAE-4A27-9447-3E42FE7B1B91}.Debug|Any CPU.Build.0 = Debug|Any CPU
		{45903164-BFAE-4A27-9447-3E42FE7B1B91}.Release|Any CPU.ActiveCfg = Release|Any CPU
		{45903164-BFAE-4A27-9447-3E42FE7B1B91}.Release|Any CPU.Build.0 = Release|Any CPU
		{2A009C92-C44C-45C0-A162-B169FE33DD77}.Debug|Any CPU.ActiveCfg = Debug|Any CPU
		{2A009C92-C44C-45C0-A162-B169FE33DD77}.Debug|Any CPU.Build.0 = Debug|Any CPU
		{2A009C92-C44C-45C0-A162-B169FE33DD77}.Release|Any CPU.ActiveCfg = Release|Any CPU
		{2A009C92-C44C-45C0-A162-B169FE33DD77}.Release|Any CPU.Build.0 = Release|Any CPU
		{E765FD30-FA80-49AC-9563-07E3FF6D7574}.Debug|Any CPU.ActiveCfg = Debug|Any CPU
		{E765FD30-FA80-49AC-9563-07E3FF6D7574}.Debug|Any CPU.Build.0 = Debug|Any CPU
		{E765FD30-FA80-49AC-9563-07E3FF6D7574}.Release|Any CPU.ActiveCfg = Release|Any CPU
		{E765FD30-FA80-49AC-9563-07E3FF6D7574}.Release|Any CPU.Build.0 = Release|Any CPU
		{7818080B-E229-47E5-8421-2616723ECDEA}.Debug|Any CPU.ActiveCfg = Debug|Any CPU
		{7818080B-E229-47E5-8421-2616723ECDEA}.Debug|Any CPU.Build.0 = Debug|Any CPU
		{7818080B-E229-47E5-8421-2616723ECDEA}.Release|Any CPU.ActiveCfg = Release|Any CPU
		{7818080B-E229-47E5-8421-2616723ECDEA}.Release|Any CPU.Build.0 = Release|Any CPU
		{1D356722-1C35-49C3-9827-FBE930BD5801}.Debug|Any CPU.ActiveCfg = Debug|Any CPU
		{1D356722-1C35-49C3-9827-FBE930BD5801}.Debug|Any CPU.Build.0 = Debug|Any CPU
		{1D356722-1C35-49C3-9827-FBE930BD5801}.Release|Any CPU.ActiveCfg = Release|Any CPU
		{1D356722-1C35-49C3-9827-FBE930BD5801}.Release|Any CPU.Build.0 = Release|Any CPU
	EndGlobalSection
	GlobalSection(SolutionProperties) = preSolution
		HideSolutionNode = FALSE
	EndGlobalSection
	GlobalSection(NestedProjects) = preSolution
		{A65121AC-523C-47CD-8422-B381EF5EDBCD} = {2B74B23B-507B-4376-A673-583FEFE4F678}
		{B912179A-44CE-4E4E-B5DA-596A4009DC4E} = {2B74B23B-507B-4376-A673-583FEFE4F678}
		{EF5D6FD5-11A9-43EC-917F-694910BDEAED} = {2B74B23B-507B-4376-A673-583FEFE4F678}
		{D077E327-5EAA-4FD4-A67F-4F94C6C83334} = {78BC0389-1EFB-48CB-A07D-FFFB74B90B3C}
		{45903164-BFAE-4A27-9447-3E42FE7B1B91} = {78BC0389-1EFB-48CB-A07D-FFFB74B90B3C}
		{2A009C92-C44C-45C0-A162-B169FE33DD77} = {78BC0389-1EFB-48CB-A07D-FFFB74B90B3C}
		{E765FD30-FA80-49AC-9563-07E3FF6D7574} = {85BFC5D5-E276-44C6-BE94-46B36D34724C}
		{7818080B-E229-47E5-8421-2616723ECDEA} = {85BFC5D5-E276-44C6-BE94-46B36D34724C}
		{1D356722-1C35-49C3-9827-FBE930BD5801} = {85BFC5D5-E276-44C6-BE94-46B36D34724C}
	EndGlobalSection
	GlobalSection(ExtensibilityGlobals) = postSolution
		SolutionGuid = {2A33F8F2-6C23-4E22-8DFB-D4A21AD294BC}
	EndGlobalSection
EndGlobal
