
Microsoft Visual Studio Solution File, Format Version 12.00
# Visual Studio Version 16
VisualStudioVersion = 16.0.32413.511
MinimumVisualStudioVersion = 10.0.40219.1
Project("{2150E333-8FDC-42A3-9474-1A3956D46DE8}") = "Task0", "Task0", "{2B74B23B-507B-4376-A673-583FEFE4F678}"
EndProject
Project("{FAE04EC0-301F-11D3-BF4B-00C04F79EFBC}") = "Tyuiu.NikolaevaAN.Sprint1.Task0.V16", "Tyuiu.NikolaevaAN.Sprint1.Task0.V16\Tyuiu.NikolaevaAN.Sprint1.Task0.V16.csproj", "{A65121AC-523C-47CD-8422-B381EF5EDBCD}"
EndProject
Project("{FAE04EC0-301F-11D3-BF4B-00C04F79EFBC}") = "Tyuiu.NikolaevaAN.Sprint1.Task0.V16.Lib", "Tyuiu.NikolaevaAN.Sprint1.Task0.V16.Lib\Tyuiu.NikolaevaAN.Sprint1.Task0.V16.Lib.csproj", "{B912179A-44CE-4E4E-B5DA-596A4009DC4E}"
EndProject
Project("{FAE04EC0-301F-11D3-BF4B-00C04F79EFBC}") = "Tyuiu.NikolaevaAN.Sprint1.Task0.V16.Test", "Tyuiu.NikolaevaAN.Sprint1.Task0.V16.Test\Tyuiu.NikolaevaAN.Sprint1.Task0.V16.Test.csproj", "{EF5D6FD5-11A9-43EC-917F-694910BDEAED}"
EndProject
Project("{2150E333-8FDC-42A3-9474-1A3956D46DE8}") = "Task1", "Task1", "{78BC0389-1EFB-48CB-A07D-FFFB74B90B3C}"
EndProject
Project("{FAE04EC0-301F-11D3-BF4B-00C04F79EFBC}") = "Tyuiu.NikolaevaAN.Sprint1.Task1.V21", "Tyuiu.NikolaevaAN.Sprint1.Task1.V21\Tyuiu.NikolaevaAN.Sprint1.Task1.V21.csproj", "{D077E327-5EAA-4FD4-A67F-4F94C6C83334}"
EndProject
Project("{FAE04EC0-301F-11D3-BF4B-00C04F79EFBC}") = "Tyuiu.NikolaevaAN.Sprint1.Task1.V21.Lib", "Tyuiu.NikolaevaAN.Sprint1.Task1.V21.Lib\Tyuiu.NikolaevaAN.Sprint1.Task1.V21.Lib.csproj", "{45903164-BFAE-4A27-9447-3E42FE7B1B91}"
EndProject
Project("{FAE04EC0-301F-11D3-BF4B-00C04F79EFBC}") = "Tyuiu.NikolaevaAN.Sprint1.Task1.V21.Test", "Tyuiu.NikolaevaAN.Sprint1.Task1.V21.Test\Tyuiu.NikolaevaAN.Sprint1.Task1.V21.Test.csproj", "{2A009C92-C44C-45C0-A162-B169FE33DD77}"
EndProject
Project("{2150E333-8FDC-42A3-9474-1A3956D46DE8}") = "Task2", "Task2", "{85BFC5D5-E276-44C6-BE94-46B36D34724C}"
EndProject
Project("{FAE04EC0-301F-11D3-BF4B-00C04F79EFBC}") = "Tyuiu.NikolaevaAN.Sprint1.Task2.V21", "Tyuiu.NikolaevaAN.Sprint1.Task2.V21\Tyuiu.NikolaevaAN.Sprint1.Task2.V21.csproj", "{E765FD30-FA80-49AC-9563-07E3FF6D7574}"
EndProject
Project("{FAE04EC0-301F-11D3-BF4B-00C04F79EFBC}") = "Tyuiu.NikolaevaAN.Sprint1.Task2.V21.Lib", "Tyuiu.NikolaevaAN.Sprint1.Task2.V21.Lib\Tyuiu.NikolaevaAN.Sprint1.Task2.V21.Lib.csproj", "{7818080B-E229-47E5-8421-2616723ECDEA}"
EndProject
Project("{FAE04EC0-301F-11D3-BF4B-00C04F79EFBC}") = "Tyuiu.NikolaevaAN.Sprint1.Task2.V21.Test", "Tyuiu.NikolaevaAN.Sprint1.Task2.V21.Test\Tyuiu.NikolaevaAN.Sprint1.Task2.V21.Test.csproj", "{1D356722-1C35-49C3-9827-FBE930BD5801}"
EndProject
Project("{2150E333-8FDC-42A3-9474-1A3956D46DE8}") = "Task3", "Task3", "{3A04F59F-D657-462D-B775-E035ADDF0E37}"
EndProject
Project("{FAE04EC0-301F-11D3-BF4B-00C04F79EFBC}") = "Tyuiu.NikolaevaAN.Sprint1.Task3.V13", "Tyuiu.NikolaevaAN.Sprint1.Task3.V13\Tyuiu.NikolaevaAN.Sprint1.Task3.V13.csproj", "{7D52BA6A-77D6-497E-B620-7FB1A06DFFC8}"
EndProject
Project("{FAE04EC0-301F-11D3-BF4B-00C04F79EFBC}") = "Tyuiu.NikolaevaAN.Sprint1.Task3.V13.Lib", "Tyuiu.NikolaevaAN.Sprint1.Task3.V13.Lib\Tyuiu.NikolaevaAN.Sprint1.Task3.V13.Lib.csproj", "{34D43BC9-5A0F-46D6-AB88-1A56EFF876C5}"
EndProject
Project("{FAE04EC0-301F-11D3-BF4B-00C04F79EFBC}") = "Tyuiu.NikolaevaAN.Sprint1.Task3.V13.Test", "Tyuiu.NikolaevaAN.Sprint1.Task3.V13.Test\Tyuiu.NikolaevaAN.Sprint1.Task3.V13.Test.csproj", "{FFF5DED3-FC42-4ADF-9084-9652D75D2BA1}"
EndProject
Project("{2150E333-8FDC-42A3-9474-1A3956D46DE8}") = "Task4", "Task4", "{FE1B4074-C0FD-4F79-9DAC-EC93A961A20D}"
EndProject
Project("{FAE04EC0-301F-11D3-BF4B-00C04F79EFBC}") = "Tyuiu.NikolaevaAN.Sprint1.Task4.V3", "Tyuiu.NikolaevaAN.Sprint1.Task4.V3\Tyuiu.NikolaevaAN.Sprint1.Task4.V3.csproj", "{FEC0CAAD-65DF-4302-BDEB-8E38056BA0FB}"
EndProject
Project("{FAE04EC0-301F-11D3-BF4B-00C04F79EFBC}") = "Tyuiu.NikolaevaAN.Sprint1.Task4.V3.Lib", "Tyuiu.NikolaevaAN.Sprint1.Task4.V3.Lib\Tyuiu.NikolaevaAN.Sprint1.Task4.V3.Lib.csproj", "{C076FE08-F3BC-4E06-AC53-879CD94F08AE}"
EndProject
Project("{FAE04EC0-301F-11D3-BF4B-00C04F79EFBC}") = "Tyuiu.NikolaevaAN.Sprint1.Task4.V3.Test", "Tyuiu.NikolaevaAN.Sprint1.Task4.V3.Test\Tyuiu.NikolaevaAN.Sprint1.Task4.V3.Test.csproj", "{74A5A5FC-AC26-4252-980B-F705373E30F9}"
EndProject
Project("{2150E333-8FDC-42A3-9474-1A3956D46DE8}") = "Task5", "Task5", "{D3022D61-1601-4193-A7DE-0BF63055BAA0}"
EndProject
Project("{FAE04EC0-301F-11D3-BF4B-00C04F79EFBC}") = "Tyuiu.NikolaevaAN.Sprint1.Task5.V7", "Tyuiu.NikolaevaAN.Sprint1.Task5.V7\Tyuiu.NikolaevaAN.Sprint1.Task5.V7.csproj", "{3AD75544-1F63-485C-9607-CFBC0BA79BA7}"
EndProject
Project("{FAE04EC0-301F-11D3-BF4B-00C04F79EFBC}") = "Tyuiu.NikolaevaAN.Sprint1.Task5.V7.Lib", "Tyuiu.NikolaevaAN.Sprint1.Task5.V7.Lib\Tyuiu.NikolaevaAN.Sprint1.Task5.V7.Lib.csproj", "{4FA0DDDC-2A99-4CC9-B18A-22ED5DD298EB}"
EndProject
Project("{FAE04EC0-301F-11D3-BF4B-00C04F79EFBC}") = "Tyuiu.NikolaevaAN.Sprint1.Task5.V7.Test", "Tyuiu.NikolaevaAN.Sprint1.Task5.V7.Test\Tyuiu.NikolaevaAN.Sprint1.Task5.V7.Test.csproj", "{B2C56F4D-12F3-4784-8B3D-DFDE360A840B}"
EndProject
Project("{2150E333-8FDC-42A3-9474-1A3956D46DE8}") = "Task6", "Task6", "{3B464CEB-EFBD-4D69-A322-F502B9A4C5A4}"
EndProject
Project("{FAE04EC0-301F-11D3-BF4B-00C04F79EFBC}") = "Tyuiu.NikolaevaAN.Sprint1.Task6.V5", "Tyuiu.NikolaevaAN.Sprint1.Task6.V5\Tyuiu.NikolaevaAN.Sprint1.Task6.V5.csproj", "{4299C0A9-015D-42E0-A715-775F765BDD18}"
EndProject
Project("{FAE04EC0-301F-11D3-BF4B-00C04F79EFBC}") = "Tyuiu.NikolaevaAN.Sprint1.Task6.V5.Lib", "Tyuiu.NikolaevaAN.Sprint1.Task6.V5.Lib\Tyuiu.NikolaevaAN.Sprint1.Task6.V5.Lib.csproj", "{177BDD81-F28B-4AA7-98A2-ACFA766E8592}"
EndProject
Project("{FAE04EC0-301F-11D3-BF4B-00C04F79EFBC}") = "Tyuiu.NikolaevaAN.Sprint1.Task6.V5.Test", "Tyuiu.NikolaevaAN.Sprint1.Task6.V5.Test\Tyuiu.NikolaevaAN.Sprint1.Task6.V5.Test.csproj", "{693F21C0-2DC3-405A-BE02-0A21AC2E6052}"
EndProject
Project("{2150E333-8FDC-42A3-9474-1A3956D46DE8}") = "Task7", "Task7", "{C5D05FE0-BF1A-460A-A8A4-1CB24E095BF0}"
EndProject
Project("{FAE04EC0-301F-11D3-BF4B-00C04F79EFBC}") = "Tyuiu.NikolaevaAN.Sprint1.Task7.V13", "Tyuiu.NikolaevaAN.Sprint1.Task7.V13\Tyuiu.NikolaevaAN.Sprint1.Task7.V13.csproj", "{C6E10C08-3C2D-462D-8156-F868D2BC5EF8}"
EndProject
Project("{FAE04EC0-301F-11D3-BF4B-00C04F79EFBC}") = "Tyuiu.NikolaevaAN.Sprint1.Task7.V13.Lib", "Tyuiu.NikolaevaAN.Sprint1.Task7.V13.Lib\Tyuiu.NikolaevaAN.Sprint1.Task7.V13.Lib.csproj", "{754C6BD6-3EDB-4CBA-B705-71AF6D0BC011}"
EndProject
Project("{FAE04EC0-301F-11D3-BF4B-00C04F79EFBC}") = "Tyuiu.NikolaevaAN.Sprint1.Task7.V13.Test", "Tyuiu.NikolaevaAN.Sprint1.Task7.V13.Test\Tyuiu.NikolaevaAN.Sprint1.Task7.V13.Test.csproj", "{99D81C71-72F3-4AD2-BF2D-4BC49E3CAD0C}"
EndProject
Global
	GlobalSection(SolutionConfigurationPlatforms) = preSolution
		Debug|Any CPU = Debug|Any CPU
		Release|Any CPU = Release|Any CPU
	EndGlobalSection
	GlobalSection(ProjectConfigurationPlatforms) = postSolution
		{A65121AC-523C-47CD-8422-B381EF5EDBCD}.Debug|Any CPU.ActiveCfg = Debug|Any CPU
		{A65121AC-523C-47CD-8422-B381EF5EDBCD}.Debug|Any CPU.Build.0 = Debug|Any CPU
		{A65121AC-523C-47CD-8422-B381EF5EDBCD}.Release|Any CPU.ActiveCfg = Release|Any CPU
		{A65121AC-523C-47CD-8422-B381EF5EDBCD}.Release|Any CPU.Build.0 = Release|Any CPU
		{B912179A-44CE-4E4E-B5DA-596A4009DC4E}.Debug|Any CPU.ActiveCfg = Debug|Any CPU
		{B912179A-44CE-4E4E-B5DA-596A4009DC4E}.Debug|Any CPU.Build.0 = Debug|Any CPU
		{B912179A-44CE-4E4E-B5DA-596A4009DC4E}.Release|Any CPU.ActiveCfg = Release|Any CPU
		{B912179A-44CE-4E4E-B5DA-596A4009DC4E}.Release|Any CPU.Build.0 = Release|Any CPU
		{EF5D6FD5-11A9-43EC-917F-694910BDEAED}.Debug|Any CPU.ActiveCfg = Debug|Any CPU
		{EF5D6FD5-11A9-43EC-917F-694910BDEAED}.Debug|Any CPU.Build.0 = Debug|Any CPU
		{EF5D6FD5-11A9-43EC-917F-694910BDEAED}.Release|Any CPU.ActiveCfg = Release|Any CPU
		{EF5D6FD5-11A9-43EC-917F-694910BDEAED}.Release|Any CPU.Build.0 = Release|Any CPU
		{D077E327-5EAA-4FD4-A67F-4F94C6C83334}.Debug|Any CPU.ActiveCfg = Debug|Any CPU
		{D077E327-5EAA-4FD4-A67F-4F94C6C83334}.Debug|Any CPU.Build.0 = Debug|Any CPU
		{D077E327-5EAA-4FD4-A67F-4F94C6C83334}.Release|Any CPU.ActiveCfg = Release|Any CPU
		{D077E327-5EAA-4FD4-A67F-4F94C6C83334}.Release|Any CPU.Build.0 = Release|Any CPU
		{45903164-BFAE-4A27-9447-3E42FE7B1B91}.Debug|Any CPU.ActiveCfg = Debug|Any CPU
		{45903164-BFAE-4A27-9447-3E42FE7B1B91}.Debug|Any CPU.Build.0 = Debug|Any CPU
		{45903164-BFAE-4A27-9447-3E42FE7B1B91}.Release|Any CPU.ActiveCfg = Release|Any CPU
		{45903164-BFAE-4A27-9447-3E42FE7B1B91}.Release|Any CPU.Build.0 = Release|Any CPU
		{2A009C92-C44C-45C0-A162-B169FE33DD77}.Debug|Any CPU.ActiveCfg = Debug|Any CPU
		{2A009C92-C44C-45C0-A162-B169FE33DD77}.Debug|Any CPU.Build.0 = Debug|Any CPU
		{2A009C92-C44C-45C0-A162-B169FE33DD77}.Release|Any CPU.ActiveCfg = Release|Any CPU
		{2A009C92-C44C-45C0-A162-B169FE33DD77}.Release|Any CPU.Build.0 = Release|Any CPU
		{E765FD30-FA80-49AC-9563-07E3FF6D7574}.Debug|Any CPU.ActiveCfg = Debug|Any CPU
		{E765FD30-FA80-49AC-9563-07E3FF6D7574}.Debug|Any CPU.Build.0 = Debug|Any CPU
		{E765FD30-FA80-49AC-9563-07E3FF6D7574}.Release|Any CPU.ActiveCfg = Release|Any CPU
		{E765FD30-FA80-49AC-9563-07E3FF6D7574}.Release|Any CPU.Build.0 = Release|Any CPU
		{7818080B-E229-47E5-8421-2616723ECDEA}.Debug|Any CPU.ActiveCfg = Debug|Any CPU
		{7818080B-E229-47E5-8421-2616723ECDEA}.Debug|Any CPU.Build.0 = Debug|Any CPU
		{7818080B-E229-47E5-8421-2616723ECDEA}.Release|Any CPU.ActiveCfg = Release|Any CPU
		{7818080B-E229-47E5-8421-2616723ECDEA}.Release|Any CPU.Build.0 = Release|Any CPU
		{1D356722-1C35-49C3-9827-FBE930BD5801}.Debug|Any CPU.ActiveCfg = Debug|Any CPU
		{1D356722-1C35-49C3-9827-FBE930BD5801}.Debug|Any CPU.Build.0 = Debug|Any CPU
		{1D356722-1C35-49C3-9827-FBE930BD5801}.Release|Any CPU.ActiveCfg = Release|Any CPU
		{1D356722-1C35-49C3-9827-FBE930BD5801}.Release|Any CPU.Build.0 = Release|Any CPU
		{7D52BA6A-77D6-497E-B620-7FB1A06DFFC8}.Debug|Any CPU.ActiveCfg = Debug|Any CPU
		{7D52BA6A-77D6-497E-B620-7FB1A06DFFC8}.Debug|Any CPU.Build.0 = Debug|Any CPU
		{7D52BA6A-77D6-497E-B620-7FB1A06DFFC8}.Release|Any CPU.ActiveCfg = Release|Any CPU
		{7D52BA6A-77D6-497E-B620-7FB1A06DFFC8}.Release|Any CPU.Build.0 = Release|Any CPU
		{34D43BC9-5A0F-46D6-AB88-1A56EFF876C5}.Debug|Any CPU.ActiveCfg = Debug|Any CPU
		{34D43BC9-5A0F-46D6-AB88-1A56EFF876C5}.Debug|Any CPU.Build.0 = Debug|Any CPU
		{34D43BC9-5A0F-46D6-AB88-1A56EFF876C5}.Release|Any CPU.ActiveCfg = Release|Any CPU
		{34D43BC9-5A0F-46D6-AB88-1A56EFF876C5}.Release|Any CPU.Build.0 = Release|Any CPU
		{FFF5DED3-FC42-4ADF-9084-9652D75D2BA1}.Debug|Any CPU.ActiveCfg = Debug|Any CPU
		{FFF5DED3-FC42-4ADF-9084-9652D75D2BA1}.Debug|Any CPU.Build.0 = Debug|Any CPU
		{FFF5DED3-FC42-4ADF-9084-9652D75D2BA1}.Release|Any CPU.ActiveCfg = Release|Any CPU
		{FFF5DED3-FC42-4ADF-9084-9652D75D2BA1}.Release|Any CPU.Build.0 = Release|Any CPU
		{FEC0CAAD-65DF-4302-BDEB-8E38056BA0FB}.Debug|Any CPU.ActiveCfg = Debug|Any CPU
		{FEC0CAAD-65DF-4302-BDEB-8E38056BA0FB}.Debug|Any CPU.Build.0 = Debug|Any CPU
		{FEC0CAAD-65DF-4302-BDEB-8E38056BA0FB}.Release|Any CPU.ActiveCfg = Release|Any CPU
		{FEC0CAAD-65DF-4302-BDEB-8E38056BA0FB}.Release|Any CPU.Build.0 = Release|Any CPU
		{C076FE08-F3BC-4E06-AC53-879CD94F08AE}.Debug|Any CPU.ActiveCfg = Debug|Any CPU
		{C076FE08-F3BC-4E06-AC53-879CD94F08AE}.Debug|Any CPU.Build.0 = Debug|Any CPU
		{C076FE08-F3BC-4E06-AC53-879CD94F08AE}.Release|Any CPU.ActiveCfg = Release|Any CPU
		{C076FE08-F3BC-4E06-AC53-879CD94F08AE}.Release|Any CPU.Build.0 = Release|Any CPU
		{74A5A5FC-AC26-4252-980B-F705373E30F9}.Debug|Any CPU.ActiveCfg = Debug|Any CPU
		{74A5A5FC-AC26-4252-980B-F705373E30F9}.Debug|Any CPU.Build.0 = Debug|Any CPU
		{74A5A5FC-AC26-4252-980B-F705373E30F9}.Release|Any CPU.ActiveCfg = Release|Any CPU
		{74A5A5FC-AC26-4252-980B-F705373E30F9}.Release|Any CPU.Build.0 = Release|Any CPU
		{3AD75544-1F63-485C-9607-CFBC0BA79BA7}.Debug|Any CPU.ActiveCfg = Debug|Any CPU
		{3AD75544-1F63-485C-9607-CFBC0BA79BA7}.Debug|Any CPU.Build.0 = Debug|Any CPU
		{3AD75544-1F63-485C-9607-CFBC0BA79BA7}.Release|Any CPU.ActiveCfg = Release|Any CPU
		{3AD75544-1F63-485C-9607-CFBC0BA79BA7}.Release|Any CPU.Build.0 = Release|Any CPU
		{4FA0DDDC-2A99-4CC9-B18A-22ED5DD298EB}.Debug|Any CPU.ActiveCfg = Debug|Any CPU
		{4FA0DDDC-2A99-4CC9-B18A-22ED5DD298EB}.Debug|Any CPU.Build.0 = Debug|Any CPU
		{4FA0DDDC-2A99-4CC9-B18A-22ED5DD298EB}.Release|Any CPU.ActiveCfg = Release|Any CPU
		{4FA0DDDC-2A99-4CC9-B18A-22ED5DD298EB}.Release|Any CPU.Build.0 = Release|Any CPU
		{B2C56F4D-12F3-4784-8B3D-DFDE360A840B}.Debug|Any CPU.ActiveCfg = Debug|Any CPU
		{B2C56F4D-12F3-4784-8B3D-DFDE360A840B}.Debug|Any CPU.Build.0 = Debug|Any CPU
		{B2C56F4D-12F3-4784-8B3D-DFDE360A840B}.Release|Any CPU.ActiveCfg = Release|Any CPU
		{B2C56F4D-12F3-4784-8B3D-DFDE360A840B}.Release|Any CPU.Build.0 = Release|Any CPU
		{4299C0A9-015D-42E0-A715-775F765BDD18}.Debug|Any CPU.ActiveCfg = Debug|Any CPU
		{4299C0A9-015D-42E0-A715-775F765BDD18}.Debug|Any CPU.Build.0 = Debug|Any CPU
		{4299C0A9-015D-42E0-A715-775F765BDD18}.Release|Any CPU.ActiveCfg = Release|Any CPU
		{4299C0A9-015D-42E0-A715-775F765BDD18}.Release|Any CPU.Build.0 = Release|Any CPU
		{177BDD81-F28B-4AA7-98A2-ACFA766E8592}.Debug|Any CPU.ActiveCfg = Debug|Any CPU
		{177BDD81-F28B-4AA7-98A2-ACFA766E8592}.Debug|Any CPU.Build.0 = Debug|Any CPU
		{177BDD81-F28B-4AA7-98A2-ACFA766E8592}.Release|Any CPU.ActiveCfg = Release|Any CPU
		{177BDD81-F28B-4AA7-98A2-ACFA766E8592}.Release|Any CPU.Build.0 = Release|Any CPU
		{693F21C0-2DC3-405A-BE02-0A21AC2E6052}.Debug|Any CPU.ActiveCfg = Debug|Any CPU
		{693F21C0-2DC3-405A-BE02-0A21AC2E6052}.Debug|Any CPU.Build.0 = Debug|Any CPU
		{693F21C0-2DC3-405A-BE02-0A21AC2E6052}.Release|Any CPU.ActiveCfg = Release|Any CPU
		{693F21C0-2DC3-405A-BE02-0A21AC2E6052}.Release|Any CPU.Build.0 = Release|Any CPU
		{C6E10C08-3C2D-462D-8156-F868D2BC5EF8}.Debug|Any CPU.ActiveCfg = Debug|Any CPU
		{C6E10C08-3C2D-462D-8156-F868D2BC5EF8}.Debug|Any CPU.Build.0 = Debug|Any CPU
		{C6E10C08-3C2D-462D-8156-F868D2BC5EF8}.Release|Any CPU.ActiveCfg = Release|Any CPU
		{C6E10C08-3C2D-462D-8156-F868D2BC5EF8}.Release|Any CPU.Build.0 = Release|Any CPU
		{754C6BD6-3EDB-4CBA-B705-71AF6D0BC011}.Debug|Any CPU.ActiveCfg = Debug|Any CPU
		{754C6BD6-3EDB-4CBA-B705-71AF6D0BC011}.Debug|Any CPU.Build.0 = Debug|Any CPU
		{754C6BD6-3EDB-4CBA-B705-71AF6D0BC011}.Release|Any CPU.ActiveCfg = Release|Any CPU
		{754C6BD6-3EDB-4CBA-B705-71AF6D0BC011}.Release|Any CPU.Build.0 = Release|Any CPU
		{99D81C71-72F3-4AD2-BF2D-4BC49E3CAD0C}.Debug|Any CPU.ActiveCfg = Debug|Any CPU
		{99D81C71-72F3-4AD2-BF2D-4BC49E3CAD0C}.Debug|Any CPU.Build.0 = Debug|Any CPU
		{99D81C71-72F3-4AD2-BF2D-4BC49E3CAD0C}.Release|Any CPU.ActiveCfg = Release|Any CPU
		{99D81C71-72F3-4AD2-BF2D-4BC49E3CAD0C}.Release|Any CPU.Build.0 = Release|Any CPU
	EndGlobalSection
	GlobalSection(SolutionProperties) = preSolution
		HideSolutionNode = FALSE
	EndGlobalSection
	GlobalSection(NestedProjects) = preSolution
		{A65121AC-523C-47CD-8422-B381EF5EDBCD} = {2B74B23B-507B-4376-A673-583FEFE4F678}
		{B912179A-44CE-4E4E-B5DA-596A4009DC4E} = {2B74B23B-507B-4376-A673-583FEFE4F678}
		{EF5D6FD5-11A9-43EC-917F-694910BDEAED} = {2B74B23B-507B-4376-A673-583FEFE4F678}
		{D077E327-5EAA-4FD4-A67F-4F94C6C83334} = {78BC0389-1EFB-48CB-A07D-FFFB74B90B3C}
		{45903164-BFAE-4A27-9447-3E42FE7B1B91} = {78BC0389-1EFB-48CB-A07D-FFFB74B90B3C}
		{2A009C92-C44C-45C0-A162-B169FE33DD77} = {78BC0389-1EFB-48CB-A07D-FFFB74B90B3C}
		{E765FD30-FA80-49AC-9563-07E3FF6D7574} = {85BFC5D5-E276-44C6-BE94-46B36D34724C}
		{7818080B-E229-47E5-8421-2616723ECDEA} = {85BFC5D5-E276-44C6-BE94-46B36D34724C}
		{1D356722-1C35-49C3-9827-FBE930BD5801} = {85BFC5D5-E276-44C6-BE94-46B36D34724C}
		{7D52BA6A-77D6-497E-B620-7FB1A06DFFC8} = {3A04F59F-D657-462D-B775-E035ADDF0E37}
		{34D43BC9-5A0F-46D6-AB88-1A56EFF876C5} = {3A04F59F-D657-462D-B775-E035ADDF0E37}
		{FFF5DED3-FC42-4ADF-9084-9652D75D2BA1} = {3A04F59F-D657-462D-B775-E035ADDF0E37}
		{FEC0CAAD-65DF-4302-BDEB-8E38056BA0FB} = {FE1B4074-C0FD-4F79-9DAC-EC93A961A20D}
		{C076FE08-F3BC-4E06-AC53-879CD94F08AE} = {FE1B4074-C0FD-4F79-9DAC-EC93A961A20D}
		{74A5A5FC-AC26-4252-980B-F705373E30F9} = {FE1B4074-C0FD-4F79-9DAC-EC93A961A20D}
		{3AD75544-1F63-485C-9607-CFBC0BA79BA7} = {D3022D61-1601-4193-A7DE-0BF63055BAA0}
		{4FA0DDDC-2A99-4CC9-B18A-22ED5DD298EB} = {D3022D61-1601-4193-A7DE-0BF63055BAA0}
		{B2C56F4D-12F3-4784-8B3D-DFDE360A840B} = {D3022D61-1601-4193-A7DE-0BF63055BAA0}
		{4299C0A9-015D-42E0-A715-775F765BDD18} = {3B464CEB-EFBD-4D69-A322-F502B9A4C5A4}
		{177BDD81-F28B-4AA7-98A2-ACFA766E8592} = {3B464CEB-EFBD-4D69-A322-F502B9A4C5A4}
		{693F21C0-2DC3-405A-BE02-0A21AC2E6052} = {3B464CEB-EFBD-4D69-A322-F502B9A4C5A4}
		{C6E10C08-3C2D-462D-8156-F868D2BC5EF8} = {C5D05FE0-BF1A-460A-A8A4-1CB24E095BF0}
		{754C6BD6-3EDB-4CBA-B705-71AF6D0BC011} = {C5D05FE0-BF1A-460A-A8A4-1CB24E095BF0}
		{99D81C71-72F3-4AD2-BF2D-4BC49E3CAD0C} = {C5D05FE0-BF1A-460A-A8A4-1CB24E095BF0}
	EndGlobalSection
	GlobalSection(ExtensibilityGlobals) = postSolution
		SolutionGuid = {2A33F8F2-6C23-4E22-8DFB-D4A21AD294BC}
	EndGlobalSection
EndGlobal
